
Microsoft Visual Studio Solution File, Format Version 12.00
# Visual Studio Version 17
VisualStudioVersion = 17.6.33829.357
MinimumVisualStudioVersion = 10.0.40219.1
Project("{FAE04EC0-301F-11D3-BF4B-00C04F79EFBC}") = "EMSA.WebUI", "src\EMSA.WebUI\EMSA.WebUI.csproj", "{C9CBDE88-D408-41B9-8654-C88A90A9F774}"
EndProject
Project("{FAE04EC0-301F-11D3-BF4B-00C04F79EFBC}") = "EMSA.Data", "src\EMSA.Data\EMSA.Data.csproj", "{E34F629F-A7FE-41C5-8171-C1012BFFF7A2}"
EndProject
Project("{2150E333-8FDC-42A3-9474-1A3956D46DE8}") = "Domain", "Domain", "{1AB0961C-3301-4216-8ACE-638289937054}"
EndProject
Project("{FAE04EC0-301F-11D3-BF4B-00C04F79EFBC}") = "EMSA.Product", "src\Domain\Product\EMSA.Product\EMSA.Product.csproj", "{5BD85DAB-6385-4884-8B0A-011BA6054E87}"
EndProject
Project("{FAE04EC0-301F-11D3-BF4B-00C04F79EFBC}") = "EMSA.Product.Test", "src\Domain\Product\EMSA.Product.Test\EMSA.Product.Test.csproj", "{2C47345F-C6A7-45BF-B628-9250FE5346A1}"
EndProject
Project("{2150E333-8FDC-42A3-9474-1A3956D46DE8}") = "Product", "Product", "{7A4E886A-5BE5-43C1-B3DA-A3A5DBECFDD5}"
EndProject
Project("{2150E333-8FDC-42A3-9474-1A3956D46DE8}") = "Common", "Common", "{5D4A271C-9CDB-47EF-9CA9-96B4EC3320F2}"
EndProject
Project("{FAE04EC0-301F-11D3-BF4B-00C04F79EFBC}") = "EMSA.Common.Extensions", "src\Common\EMSA.Common.Extensions\EMSA.Common.Extensions.csproj", "{DA035686-2671-4339-B6F7-013E030F4667}"
EndProject
Project("{FAE04EC0-301F-11D3-BF4B-00C04F79EFBC}") = "EMSA.Common.Extensions.Files", "src\Common\EMSA.Common.Extensions.Files\EMSA.Common.Extensions.Files.csproj", "{484607DE-275A-4165-9A0E-C783DD98A0BF}"
EndProject
Global
	GlobalSection(SolutionConfigurationPlatforms) = preSolution
		Debug|Any CPU = Debug|Any CPU
		Release|Any CPU = Release|Any CPU
	EndGlobalSection
	GlobalSection(ProjectConfigurationPlatforms) = postSolution
		{C9CBDE88-D408-41B9-8654-C88A90A9F774}.Debug|Any CPU.ActiveCfg = Debug|Any CPU
		{C9CBDE88-D408-41B9-8654-C88A90A9F774}.Debug|Any CPU.Build.0 = Debug|Any CPU
		{C9CBDE88-D408-41B9-8654-C88A90A9F774}.Release|Any CPU.ActiveCfg = Release|Any CPU
		{C9CBDE88-D408-41B9-8654-C88A90A9F774}.Release|Any CPU.Build.0 = Release|Any CPU
		{E34F629F-A7FE-41C5-8171-C1012BFFF7A2}.Debug|Any CPU.ActiveCfg = Debug|Any CPU
		{E34F629F-A7FE-41C5-8171-C1012BFFF7A2}.Debug|Any CPU.Build.0 = Debug|Any CPU
		{E34F629F-A7FE-41C5-8171-C1012BFFF7A2}.Release|Any CPU.ActiveCfg = Release|Any CPU
		{E34F629F-A7FE-41C5-8171-C1012BFFF7A2}.Release|Any CPU.Build.0 = Release|Any CPU
		{5BD85DAB-6385-4884-8B0A-011BA6054E87}.Debug|Any CPU.ActiveCfg = Debug|Any CPU
		{5BD85DAB-6385-4884-8B0A-011BA6054E87}.Debug|Any CPU.Build.0 = Debug|Any CPU
		{5BD85DAB-6385-4884-8B0A-011BA6054E87}.Release|Any CPU.ActiveCfg = Release|Any CPU
		{5BD85DAB-6385-4884-8B0A-011BA6054E87}.Release|Any CPU.Build.0 = Release|Any CPU
		{2C47345F-C6A7-45BF-B628-9250FE5346A1}.Debug|Any CPU.ActiveCfg = Debug|Any CPU
		{2C47345F-C6A7-45BF-B628-9250FE5346A1}.Debug|Any CPU.Build.0 = Debug|Any CPU
		{2C47345F-C6A7-45BF-B628-9250FE5346A1}.Release|Any CPU.ActiveCfg = Release|Any CPU
		{2C47345F-C6A7-45BF-B628-9250FE5346A1}.Release|Any CPU.Build.0 = Release|Any CPU
		{DA035686-2671-4339-B6F7-013E030F4667}.Debug|Any CPU.ActiveCfg = Debug|Any CPU
		{DA035686-2671-4339-B6F7-013E030F4667}.Debug|Any CPU.Build.0 = Debug|Any CPU
		{DA035686-2671-4339-B6F7-013E030F4667}.Release|Any CPU.ActiveCfg = Release|Any CPU
		{DA035686-2671-4339-B6F7-013E030F4667}.Release|Any CPU.Build.0 = Release|Any CPU
		{484607DE-275A-4165-9A0E-C783DD98A0BF}.Debug|Any CPU.ActiveCfg = Debug|Any CPU
		{484607DE-275A-4165-9A0E-C783DD98A0BF}.Debug|Any CPU.Build.0 = Debug|Any CPU
		{484607DE-275A-4165-9A0E-C783DD98A0BF}.Release|Any CPU.ActiveCfg = Release|Any CPU
		{484607DE-275A-4165-9A0E-C783DD98A0BF}.Release|Any CPU.Build.0 = Release|Any CPU
	EndGlobalSection
	GlobalSection(SolutionProperties) = preSolution
		HideSolutionNode = FALSE
	EndGlobalSection
	GlobalSection(NestedProjects) = preSolution
		{5BD85DAB-6385-4884-8B0A-011BA6054E87} = {7A4E886A-5BE5-43C1-B3DA-A3A5DBECFDD5}
		{2C47345F-C6A7-45BF-B628-9250FE5346A1} = {7A4E886A-5BE5-43C1-B3DA-A3A5DBECFDD5}
		{7A4E886A-5BE5-43C1-B3DA-A3A5DBECFDD5} = {1AB0961C-3301-4216-8ACE-638289937054}
		{DA035686-2671-4339-B6F7-013E030F4667} = {5D4A271C-9CDB-47EF-9CA9-96B4EC3320F2}
		{484607DE-275A-4165-9A0E-C783DD98A0BF} = {5D4A271C-9CDB-47EF-9CA9-96B4EC3320F2}
	EndGlobalSection
	GlobalSection(ExtensibilityGlobals) = postSolution
		SolutionGuid = {AFB46C86-D99A-4661-A61F-5F8A7CC29730}
	EndGlobalSection
EndGlobal
